
Microsoft Visual Studio Solution File, Format Version 12.00
# Visual Studio Version 16
VisualStudioVersion = 16.0.31911.196
MinimumVisualStudioVersion = 10.0.40219.1
Project("{9A19103F-16F7-4668-BE54-9A1E7A4F7556}") = "Fifthyear", "Fifthyear\Fifthyear.csproj", "{539768CD-DC74-4F30-BE9A-0BAD886BA1DA}"
EndProject
Global
	GlobalSection(SolutionConfigurationPlatforms) = preSolution
		Debug|Any CPU = Debug|Any CPU
		Debug|x64 = Debug|x64
		Release|Any CPU = Release|Any CPU
		Release|x64 = Release|x64
	EndGlobalSection
	GlobalSection(ProjectConfigurationPlatforms) = postSolution
		{539768CD-DC74-4F30-BE9A-0BAD886BA1DA}.Debug|Any CPU.ActiveCfg = Debug|Any CPU
		{539768CD-DC74-4F30-BE9A-0BAD886BA1DA}.Debug|Any CPU.Build.0 = Debug|Any CPU
		{539768CD-DC74-4F30-BE9A-0BAD886BA1DA}.Debug|x64.ActiveCfg = Debug|Any CPU
		{539768CD-DC74-4F30-BE9A-0BAD886BA1DA}.Debug|x64.Build.0 = Debug|Any CPU
		{539768CD-DC74-4F30-BE9A-0BAD886BA1DA}.Release|Any CPU.ActiveCfg = Release|Any CPU
		{539768CD-DC74-4F30-BE9A-0BAD886BA1DA}.Release|Any CPU.Build.0 = Release|Any CPU
		{539768CD-DC74-4F30-BE9A-0BAD886BA1DA}.Release|x64.ActiveCfg = Release|x64
		{539768CD-DC74-4F30-BE9A-0BAD886BA1DA}.Release|x64.Build.0 = Release|x64
	EndGlobalSection
	GlobalSection(SolutionProperties) = preSolution
		HideSolutionNode = FALSE
	EndGlobalSection
	GlobalSection(ExtensibilityGlobals) = postSolution
		SolutionGuid = {370ABABD-3AF0-4E95-BC5F-A26850062EE3}
	EndGlobalSection
EndGlobal
